
Microsoft Visual Studio Solution File, Format Version 12.00
# Visual Studio Version 17
VisualStudioVersion = 17.11.35303.130
MinimumVisualStudioVersion = 10.0.40219.1
Project("{9A19103F-16F7-4668-BE54-9A1E7A4F7556}") = "UaaSolutionWpf", "UaaSolutionWpf.csproj", "{C19D8C7E-471F-4603-B9AD-52432D175435}"
EndProject
Project("{9A19103F-16F7-4668-BE54-9A1E7A4F7556}") = "GPIBKeithleyCurrentMeasurement", "..\GPIBKeithleyCurrentMeasurement\GPIBKeithleyCurrentMeasurement.csproj", "{B9DF7C73-B812-4C94-8531-A12E89A6076B}"
EndProject
Project("{9A19103F-16F7-4668-BE54-9A1E7A4F7556}") = "WpfLiveChart", "..\WpfLiveChart\WpfLiveChart.csproj", "{88BCEFEA-74C8-4F50-AEC7-5F03E036943B}"
EndProject
Project("{FAE04EC0-301F-11D3-BF4B-00C04F79EFBC}") = "EzIIOLib", "..\EzIIOLib\EzIIOLib.csproj", "{75061D3F-7EC3-528B-660B-91A311A73664}"
EndProject
Project("{FAE04EC0-301F-11D3-BF4B-00C04F79EFBC}") = "EzIIOLibControl", "..\EzIIOLibControl\EzIIOLibControl.csproj", "{931C82B5-D832-D411-F68E-0FD5545420F2}"
EndProject
Project("{FAE04EC0-301F-11D3-BF4B-00C04F79EFBC}") = "MotionServiceLib", "..\testConfigurableMachine\MotionServiceLib\MotionServiceLib.csproj", "{81D4EE0F-CE3A-AA41-69B3-5422F2E1590B}"
EndProject
Project("{FAE04EC0-301F-11D3-BF4B-00C04F79EFBC}") = "PathTest", "..\testConfigurableMachine\PathTest\PathTest.csproj", "{9B40A759-D9F1-B7CE-2F8B-89946108C5F2}"
EndProject
Project("{FAE04EC0-301F-11D3-BF4B-00C04F79EFBC}") = "testConfigurableMachine", "..\testConfigurableMachine\testConfigurableMachine\testConfigurableMachine.csproj", "{2E57815D-D665-F6E1-30AB-23D2B394ABC9}"
EndProject
Global
	GlobalSection(SolutionConfigurationPlatforms) = preSolution
		Debug|Any CPU = Debug|Any CPU
		Release|Any CPU = Release|Any CPU
	EndGlobalSection
	GlobalSection(ProjectConfigurationPlatforms) = postSolution
		{C19D8C7E-471F-4603-B9AD-52432D175435}.Debug|Any CPU.ActiveCfg = Debug|Any CPU
		{C19D8C7E-471F-4603-B9AD-52432D175435}.Debug|Any CPU.Build.0 = Debug|Any CPU
		{C19D8C7E-471F-4603-B9AD-52432D175435}.Release|Any CPU.ActiveCfg = Release|Any CPU
		{C19D8C7E-471F-4603-B9AD-52432D175435}.Release|Any CPU.Build.0 = Release|Any CPU
		{B9DF7C73-B812-4C94-8531-A12E89A6076B}.Debug|Any CPU.ActiveCfg = Debug|Any CPU
		{B9DF7C73-B812-4C94-8531-A12E89A6076B}.Debug|Any CPU.Build.0 = Debug|Any CPU
		{B9DF7C73-B812-4C94-8531-A12E89A6076B}.Release|Any CPU.ActiveCfg = Release|Any CPU
		{B9DF7C73-B812-4C94-8531-A12E89A6076B}.Release|Any CPU.Build.0 = Release|Any CPU
		{88BCEFEA-74C8-4F50-AEC7-5F03E036943B}.Debug|Any CPU.ActiveCfg = Debug|Any CPU
		{88BCEFEA-74C8-4F50-AEC7-5F03E036943B}.Debug|Any CPU.Build.0 = Debug|Any CPU
		{88BCEFEA-74C8-4F50-AEC7-5F03E036943B}.Release|Any CPU.ActiveCfg = Release|Any CPU
		{88BCEFEA-74C8-4F50-AEC7-5F03E036943B}.Release|Any CPU.Build.0 = Release|Any CPU
		{75061D3F-7EC3-528B-660B-91A311A73664}.Debug|Any CPU.ActiveCfg = Debug|Any CPU
		{75061D3F-7EC3-528B-660B-91A311A73664}.Debug|Any CPU.Build.0 = Debug|Any CPU
		{75061D3F-7EC3-528B-660B-91A311A73664}.Release|Any CPU.ActiveCfg = Release|Any CPU
		{75061D3F-7EC3-528B-660B-91A311A73664}.Release|Any CPU.Build.0 = Release|Any CPU
		{931C82B5-D832-D411-F68E-0FD5545420F2}.Debug|Any CPU.ActiveCfg = Debug|Any CPU
		{931C82B5-D832-D411-F68E-0FD5545420F2}.Debug|Any CPU.Build.0 = Debug|Any CPU
		{931C82B5-D832-D411-F68E-0FD5545420F2}.Release|Any CPU.ActiveCfg = Release|Any CPU
		{931C82B5-D832-D411-F68E-0FD5545420F2}.Release|Any CPU.Build.0 = Release|Any CPU
		{81D4EE0F-CE3A-AA41-69B3-5422F2E1590B}.Debug|Any CPU.ActiveCfg = Debug|Any CPU
		{81D4EE0F-CE3A-AA41-69B3-5422F2E1590B}.Debug|Any CPU.Build.0 = Debug|Any CPU
		{81D4EE0F-CE3A-AA41-69B3-5422F2E1590B}.Release|Any CPU.ActiveCfg = Release|Any CPU
		{81D4EE0F-CE3A-AA41-69B3-5422F2E1590B}.Release|Any CPU.Build.0 = Release|Any CPU
		{9B40A759-D9F1-B7CE-2F8B-89946108C5F2}.Debug|Any CPU.ActiveCfg = Debug|Any CPU
		{9B40A759-D9F1-B7CE-2F8B-89946108C5F2}.Debug|Any CPU.Build.0 = Debug|Any CPU
		{9B40A759-D9F1-B7CE-2F8B-89946108C5F2}.Release|Any CPU.ActiveCfg = Release|Any CPU
		{9B40A759-D9F1-B7CE-2F8B-89946108C5F2}.Release|Any CPU.Build.0 = Release|Any CPU
		{2E57815D-D665-F6E1-30AB-23D2B394ABC9}.Debug|Any CPU.ActiveCfg = Debug|Any CPU
		{2E57815D-D665-F6E1-30AB-23D2B394ABC9}.Debug|Any CPU.Build.0 = Debug|Any CPU
		{2E57815D-D665-F6E1-30AB-23D2B394ABC9}.Release|Any CPU.ActiveCfg = Release|Any CPU
		{2E57815D-D665-F6E1-30AB-23D2B394ABC9}.Release|Any CPU.Build.0 = Release|Any CPU
	EndGlobalSection
	GlobalSection(SolutionProperties) = preSolution
		HideSolutionNode = FALSE
	EndGlobalSection
	GlobalSection(ExtensibilityGlobals) = postSolution
		SolutionGuid = {D8BC91BE-3CA1-49C3-B8C2-8C7697F868DD}
	EndGlobalSection
EndGlobal
